
Microsoft Visual Studio Solution File, Format Version 12.00
# Visual Studio Version 17
VisualStudioVersion = 17.3.32901.215
MinimumVisualStudioVersion = 10.0.40219.1
Project("{FAE04EC0-301F-11D3-BF4B-00C04F79EFBC}") = "ContainsDuplicates.Benchmark", "ContainsDuplicates.Benchmark.csproj", "{0F01E0E6-4223-4FC8-8209-E8480C300EDC}"
EndProject
Global
	GlobalSection(SolutionConfigurationPlatforms) = preSolution
		Debug|Any CPU = Debug|Any CPU
		Release|Any CPU = Release|Any CPU
	EndGlobalSection
	GlobalSection(ProjectConfigurationPlatforms) = postSolution
		{0F01E0E6-4223-4FC8-8209-E8480C300EDC}.Debug|Any CPU.ActiveCfg = Debug|Any CPU
		{0F01E0E6-4223-4FC8-8209-E8480C300EDC}.Debug|Any CPU.Build.0 = Debug|Any CPU
		{0F01E0E6-4223-4FC8-8209-E8480C300EDC}.Release|Any CPU.ActiveCfg = Release|Any CPU
		{0F01E0E6-4223-4FC8-8209-E8480C300EDC}.Release|Any CPU.Build.0 = Release|Any CPU
	EndGlobalSection
	GlobalSection(SolutionProperties) = preSolution
		HideSolutionNode = FALSE
	EndGlobalSection
	GlobalSection(ExtensibilityGlobals) = postSolution
		SolutionGuid = {5A7A8438-483A-417A-B011-B40CAD79F467}
	EndGlobalSection
EndGlobal
